github.com/elastic/go-elasticsearch/v7 v7.7.0 h1:oQBx/S3RiaH0/kiP0scYSay9xgSmVAYJpuqEf+e9GZg=
github.com/elastic/go-elasticsearch/v7 v7.7.0/go.mod h1:OJ4wdbtDNk5g503kvlHLyErCgQwwzmDtaFC4XyOxXA4=
github.com/elastic/go-elasticsearch/v7 v7.14.0 h1:extp3jos/rwJn3J+lgbaGlwAgs0TVsIHme00GyNAyX4=
github.com/elastic/go-elasticsearch/v7 v7.14.0/go.mod h1:OJ4wdbtDNk5g503kvlHLyErCgQwwzmDtaFC4XyOxXA4=
github.com/elastic/go-elasticsearch/v8 v8.0.0-20210823151005-3b1f3aef208c h1:sUce51ONOfFdUmIfg+pf+JCQIQHVey3P9bkplsBAJKY=
github.com/elastic/go-elasticsearch/v8 v8.0.0-20210823151005-3b1f3aef208c/go.mod h1:xe9a/L2aeOgFKKgrO3ibQTnMdpAeL0GC+5/HpGScSa4=
github.com/joho/godotenv v1.3.0 h1:Zjp+RcGpHhGlrMbJzXTrZZPrWj+1vfm90La1wgB6Bhc=
github.com/joho/godotenv v1.3.0/go.mod h1:7hK45KPybAkOC6peb+G5yklZfMxEjkZhHbwpqxOKXbg=
